
Microsoft Visual Studio Solution File, Format Version 12.00
# Visual Studio Version 17
VisualStudioVersion = 17.3.32901.215
MinimumVisualStudioVersion = 10.0.40219.1
Project("{FAE04EC0-301F-11D3-BF4B-00C04F79EFBC}") = "CalculatorApplication", "CalculatorApplication\CalculatorApplication.csproj", "{979005C5-0A9B-43D9-9E91-11E819E19604}"
EndProject
Global
	GlobalSection(SolutionConfigurationPlatforms) = preSolution
		Debug|Any CPU = Debug|Any CPU
		Release|Any CPU = Release|Any CPU
	EndGlobalSection
	GlobalSection(ProjectConfigurationPlatforms) = postSolution
		{979005C5-0A9B-43D9-9E91-11E819E19604}.Debug|Any CPU.ActiveCfg = Debug|Any CPU
		{979005C5-0A9B-43D9-9E91-11E819E19604}.Debug|Any CPU.Build.0 = Debug|Any CPU
		{979005C5-0A9B-43D9-9E91-11E819E19604}.Release|Any CPU.ActiveCfg = Release|Any CPU
		{979005C5-0A9B-43D9-9E91-11E819E19604}.Release|Any CPU.Build.0 = Release|Any CPU
	EndGlobalSection
	GlobalSection(SolutionProperties) = preSolution
		HideSolutionNode = FALSE
	EndGlobalSection
	GlobalSection(ExtensibilityGlobals) = postSolution
		SolutionGuid = {412B6CE8-93D3-4416-B6BA-45511ACCF3DA}
	EndGlobalSection
EndGlobal
